
Microsoft Visual Studio Solution File, Format Version 12.00
# Visual Studio Version 17
VisualStudioVersion = 17.0.31903.59
MinimumVisualStudioVersion = 10.0.40219.1
Project("{2150E333-8FDC-42A3-9474-1A3956D46DE8}") = "csharp", "csharp", "{95783DBB-F210-4241-AFE8-D60E7CF6FD59}"
EndProject
Project("{2150E333-8FDC-42A3-9474-1A3956D46DE8}") = "BaseClient", "BaseClient", "{75CB2F07-C317-4A76-B4E5-5FCFEB36E017}"
EndProject
Project("{FAE04EC0-301F-11D3-BF4B-00C04F79EFBC}") = "BaseClient", "csharp\BaseClient\src\BaseClient.csproj", "{605CCAC0-039F-4184-9F81-8EB042242EA0}"
EndProject
Project("{2150E333-8FDC-42A3-9474-1A3956D46DE8}") = "MerchantClient", "MerchantClient", "{7ABADE6E-DF8E-4AC2-B5D0-A4B6A7EDB9B4}"
EndProject
Project("{FAE04EC0-301F-11D3-BF4B-00C04F79EFBC}") = "MerchantClient", "csharp\MerchantClient\src\MerchantClient.csproj", "{BC77998C-4B70-4D4F-8D00-3D459C56CC0D}"
EndProject
Project("{2150E333-8FDC-42A3-9474-1A3956D46DE8}") = "WalletClient", "WalletClient", "{27A28444-A031-4CEB-9EB0-50A3731E9348}"
EndProject
Project("{FAE04EC0-301F-11D3-BF4B-00C04F79EFBC}") = "WalletClient", "csharp\WalletClient\src\WalletClient.csproj", "{D0A67F73-DBE9-4E30-A8AE-6E6C4C9FF467}"
EndProject
Project("{FAE04EC0-301F-11D3-BF4B-00C04F79EFBC}") = "BaseClientTest", "csharp\BaseClient\test\BaseClientTest.csproj", "{D6564D9C-C7CC-47DF-85BE-9048EA34C442}"
EndProject
Project("{2150E333-8FDC-42A3-9474-1A3956D46DE8}") = "TokenRequestorClient", "TokenRequestorClient", "{72E85EBE-34F7-4C7F-8730-1C579AED369B}"
EndProject
Project("{FAE04EC0-301F-11D3-BF4B-00C04F79EFBC}") = "TokenRequestorClient", "csharp\TokenRequestorClient\src\TokenRequestorClient.csproj", "{9EE70B83-8CE9-4E4B-9DBD-255F5FBBB035}"
EndProject
Project("{FAE04EC0-301F-11D3-BF4B-00C04F79EFBC}") = "ClientTest", "csharp\ClientTest\ClientTest.csproj", "{C5F59C75-9E10-4B53-B13A-A91B28DB3396}"
EndProject
Global
	GlobalSection(SolutionConfigurationPlatforms) = preSolution
		Debug|Any CPU = Debug|Any CPU
		Release|Any CPU = Release|Any CPU
	EndGlobalSection
	GlobalSection(SolutionProperties) = preSolution
		HideSolutionNode = FALSE
	EndGlobalSection
	GlobalSection(ProjectConfigurationPlatforms) = postSolution
		{605CCAC0-039F-4184-9F81-8EB042242EA0}.Debug|Any CPU.ActiveCfg = Debug|Any CPU
		{605CCAC0-039F-4184-9F81-8EB042242EA0}.Debug|Any CPU.Build.0 = Debug|Any CPU
		{605CCAC0-039F-4184-9F81-8EB042242EA0}.Release|Any CPU.ActiveCfg = Release|Any CPU
		{605CCAC0-039F-4184-9F81-8EB042242EA0}.Release|Any CPU.Build.0 = Release|Any CPU
		{BC77998C-4B70-4D4F-8D00-3D459C56CC0D}.Debug|Any CPU.ActiveCfg = Debug|Any CPU
		{BC77998C-4B70-4D4F-8D00-3D459C56CC0D}.Debug|Any CPU.Build.0 = Debug|Any CPU
		{BC77998C-4B70-4D4F-8D00-3D459C56CC0D}.Release|Any CPU.ActiveCfg = Release|Any CPU
		{BC77998C-4B70-4D4F-8D00-3D459C56CC0D}.Release|Any CPU.Build.0 = Release|Any CPU
		{D0A67F73-DBE9-4E30-A8AE-6E6C4C9FF467}.Debug|Any CPU.ActiveCfg = Debug|Any CPU
		{D0A67F73-DBE9-4E30-A8AE-6E6C4C9FF467}.Debug|Any CPU.Build.0 = Debug|Any CPU
		{D0A67F73-DBE9-4E30-A8AE-6E6C4C9FF467}.Release|Any CPU.ActiveCfg = Release|Any CPU
		{D0A67F73-DBE9-4E30-A8AE-6E6C4C9FF467}.Release|Any CPU.Build.0 = Release|Any CPU
		{D6564D9C-C7CC-47DF-85BE-9048EA34C442}.Debug|Any CPU.ActiveCfg = Debug|Any CPU
		{D6564D9C-C7CC-47DF-85BE-9048EA34C442}.Debug|Any CPU.Build.0 = Debug|Any CPU
		{D6564D9C-C7CC-47DF-85BE-9048EA34C442}.Release|Any CPU.ActiveCfg = Release|Any CPU
		{D6564D9C-C7CC-47DF-85BE-9048EA34C442}.Release|Any CPU.Build.0 = Release|Any CPU
		{9EE70B83-8CE9-4E4B-9DBD-255F5FBBB035}.Debug|Any CPU.ActiveCfg = Debug|Any CPU
		{9EE70B83-8CE9-4E4B-9DBD-255F5FBBB035}.Debug|Any CPU.Build.0 = Debug|Any CPU
		{9EE70B83-8CE9-4E4B-9DBD-255F5FBBB035}.Release|Any CPU.ActiveCfg = Release|Any CPU
		{9EE70B83-8CE9-4E4B-9DBD-255F5FBBB035}.Release|Any CPU.Build.0 = Release|Any CPU
		{C5F59C75-9E10-4B53-B13A-A91B28DB3396}.Debug|Any CPU.ActiveCfg = Debug|Any CPU
		{C5F59C75-9E10-4B53-B13A-A91B28DB3396}.Debug|Any CPU.Build.0 = Debug|Any CPU
		{C5F59C75-9E10-4B53-B13A-A91B28DB3396}.Release|Any CPU.ActiveCfg = Release|Any CPU
		{C5F59C75-9E10-4B53-B13A-A91B28DB3396}.Release|Any CPU.Build.0 = Release|Any CPU
	EndGlobalSection
	GlobalSection(NestedProjects) = preSolution
		{75CB2F07-C317-4A76-B4E5-5FCFEB36E017} = {95783DBB-F210-4241-AFE8-D60E7CF6FD59}
		{605CCAC0-039F-4184-9F81-8EB042242EA0} = {75CB2F07-C317-4A76-B4E5-5FCFEB36E017}
		{7ABADE6E-DF8E-4AC2-B5D0-A4B6A7EDB9B4} = {95783DBB-F210-4241-AFE8-D60E7CF6FD59}
		{BC77998C-4B70-4D4F-8D00-3D459C56CC0D} = {7ABADE6E-DF8E-4AC2-B5D0-A4B6A7EDB9B4}
		{27A28444-A031-4CEB-9EB0-50A3731E9348} = {95783DBB-F210-4241-AFE8-D60E7CF6FD59}
		{D0A67F73-DBE9-4E30-A8AE-6E6C4C9FF467} = {27A28444-A031-4CEB-9EB0-50A3731E9348}
		{D6564D9C-C7CC-47DF-85BE-9048EA34C442} = {75CB2F07-C317-4A76-B4E5-5FCFEB36E017}
		{72E85EBE-34F7-4C7F-8730-1C579AED369B} = {95783DBB-F210-4241-AFE8-D60E7CF6FD59}
		{9EE70B83-8CE9-4E4B-9DBD-255F5FBBB035} = {72E85EBE-34F7-4C7F-8730-1C579AED369B}
		{C5F59C75-9E10-4B53-B13A-A91B28DB3396} = {95783DBB-F210-4241-AFE8-D60E7CF6FD59}
	EndGlobalSection
EndGlobal
